// !$*UTF8*$!
{
	archiveVersion = 1;
	classes = {
	};
	objectVersion = 46;
	objects = {

/* Begin PBXBuildFile section */
		282C38661EC42C230002606A /* AppDelegate.swift in Sources */ = {isa = PBXBuildFile; fileRef = 282C38651EC42C230002606A /* AppDelegate.swift */; };
		282C38681EC42C230002606A /* ViewController.swift in Sources */ = {isa = PBXBuildFile; fileRef = 282C38671EC42C230002606A /* ViewController.swift */; };
		282C386B1EC42C230002606A /* Main.storyboard in Resources */ = {isa = PBXBuildFile; fileRef = 282C38691EC42C230002606A /* Main.storyboard */; };
		282C386D1EC42C230002606A /* Assets.xcassets in Resources */ = {isa = PBXBuildFile; fileRef = 282C386C1EC42C230002606A /* Assets.xcassets */; };
		282C38701EC42C230002606A /* LaunchScreen.storyboard in Resources */ = {isa = PBXBuildFile; fileRef = 282C386E1EC42C230002606A /* LaunchScreen.storyboard */; };
		287AAC7E1EC4317700451D56 /* Drop.jpg in Resources */ = {isa = PBXBuildFile; fileRef = 287AAC7C1EC4317700451D56 /* Drop.jpg */; };
		287AAC7F1EC4317700451D56 /* Glass.jpg in Resources */ = {isa = PBXBuildFile; fileRef = 287AAC7D1EC4317700451D56 /* Glass.jpg */; };
		287AAC811EC4330900451D56 /* HomeViewController.swift in Sources */ = {isa = PBXBuildFile; fileRef = 287AAC801EC4330900451D56 /* HomeViewController.swift */; };
		287AAC831EC4494C00451D56 /* Settings.bundle in Resources */ = {isa = PBXBuildFile; fileRef = 287AAC821EC4494C00451D56 /* Settings.bundle */; };
/* End PBXBuildFile section */

/* Begin PBXFileReference section */
		282C38621EC42C230002606A /* Water.app */ = {isa = PBXFileReference; explicitFileType = wrapper.application; includeInIndex = 0; path = Water.app; sourceTree = BUILT_PRODUCTS_DIR; };
		282C38651EC42C230002606A /* AppDelegate.swift */ = {isa = PBXFileReference; lastKnownFileType = sourcecode.swift; path = AppDelegate.swift; sourceTree = "<group>"; };
		282C38671EC42C230002606A /* ViewController.swift */ = {isa = PBXFileReference; lastKnownFileType = sourcecode.swift; path = ViewController.swift; sourceTree = "<group>"; };
		282C386A1EC42C230002606A /* Base */ = {isa = PBXFileReference; lastKnownFileType = file.storyboard; name = Base; path = Base.lproj/Main.storyboard; sourceTree = "<group>"; };
		282C386C1EC42C230002606A /* Assets.xcassets */ = {isa = PBXFileReference; lastKnownFileType = folder.assetcatalog; path = Assets.xcassets; sourceTree = "<group>"; };
		282C386F1EC42C230002606A /* Base */ = {isa = PBXFileReference; lastKnownFileType = file.storyboard; name = Base; path = Base.lproj/LaunchScreen.storyboard; sourceTree = "<group>"; };
		282C38711EC42C230002606A /* Info.plist */ = {isa = PBXFileReference; lastKnownFileType = text.plist.xml; path = Info.plist; sourceTree = "<group>"; };
		287AAC7C1EC4317700451D56 /* Drop.jpg */ = {isa = PBXFileReference; lastKnownFileType = image.jpeg; name = Drop.jpg; path = Resources/Drop.jpg; sourceTree = "<group>"; };
		287AAC7D1EC4317700451D56 /* Glass.jpg */ = {isa = PBXFileReference; lastKnownFileType = image.jpeg; name = Glass.jpg; path = Resources/Glass.jpg; sourceTree = "<group>"; };
		287AAC801EC4330900451D56 /* HomeViewController.swift */ = {isa = PBXFileReference; fileEncoding = 4; lastKnownFileType = sourcecode.swift; path = HomeViewController.swift; sourceTree = "<group>"; };
		287AAC821EC4494C00451D56 /* Settings.bundle */ = {isa = PBXFileReference; lastKnownFileType = "wrapper.plug-in"; path = Settings.bundle; sourceTree = "<group>"; };
/* End PBXFileReference section */

/* Begin PBXFrameworksBuildPhase section */
		282C385F1EC42C230002606A /* Frameworks */ = {
			isa = PBXFrameworksBuildPhase;
			buildActionMask = 2147483647;
			files = (
			);
			runOnlyForDeploymentPostprocessing = 0;
		};
/* End PBXFrameworksBuildPhase section */

/* Begin PBXGroup section */
		282C38591EC42C230002606A = {
			isa = PBXGroup;
			children = (
				282C38641EC42C230002606A /* Water */,
				282C38631EC42C230002606A /* Products */,
			);
			sourceTree = "<group>";
		};
		282C38631EC42C230002606A /* Products */ = {
			isa = PBXGroup;
			children = (
				282C38621EC42C230002606A /* Water.app */,
			);
			name = Products;
			sourceTree = "<group>";
		};
		282C38641EC42C230002606A /* Water */ = {
			isa = PBXGroup;
			children = (
				287AAC801EC4330900451D56 /* HomeViewController.swift */,
				287AAC821EC4494C00451D56 /* Settings.bundle */,
				287AAC7C1EC4317700451D56 /* Drop.jpg */,
				287AAC7D1EC4317700451D56 /* Glass.jpg */,
				282C38651EC42C230002606A /* AppDelegate.swift */,
				282C38671EC42C230002606A /* ViewController.swift */,
				282C38691EC42C230002606A /* Main.storyboard */,
				282C386C1EC42C230002606A /* Assets.xcassets */,
				282C386E1EC42C230002606A /* LaunchScreen.storyboard */,
				282C38711EC42C230002606A /* Info.plist */,
			);
			path = Water;
			sourceTree = "<group>";
		};
/* End PBXGroup section */

/* Begin PBXNativeTarget section */
		282C38611EC42C230002606A /* Water */ = {
			isa = PBXNativeTarget;
			buildConfigurationList = 282C38741EC42C230002606A /* Build configuration list for PBXNativeTarget "Water" */;
			buildPhases = (
				282C385E1EC42C230002606A /* Sources */,
				282C385F1EC42C230002606A /* Frameworks */,
				282C38601EC42C230002606A /* Resources */,
			);
			buildRules = (
			);
			dependencies = (
			);
			name = Water;
			productName = Water;
			productReference = 282C38621EC42C230002606A /* Water.app */;
			productType = "com.apple.product-type.application";
		};
/* End PBXNativeTarget section */

/* Begin PBXProject section */
		282C385A1EC42C230002606A /* Project object */ = {
			isa = PBXProject;
			attributes = {
				LastSwiftUpdateCheck = 0830;
				LastUpgradeCheck = 0830;
				ORGANIZATIONNAME = "Neil Kulkarni";
				TargetAttributes = {
					282C38611EC42C230002606A = {
						CreatedOnToolsVersion = 8.3.2;
						DevelopmentTeam = LU7887AQ9T;
						ProvisioningStyle = Automatic;
					};
				};
			};
			buildConfigurationList = 282C385D1EC42C230002606A /* Build configuration list for PBXProject "Water" */;
			compatibilityVersion = "Xcode 3.2";
			developmentRegion = English;
			hasScannedForEncodings = 0;
			knownRegions = (
				en,
				Base,
			);
			mainGroup = 282C38591EC42C230002606A;
			productRefGroup = 282C38631EC42C230002606A /* Products */;
			projectDirPath = "";
			projectRoot = "";
			targets = (
				282C38611EC42C230002606A /* Water */,
			);
		};
/* End PBXProject section */

/* Begin PBXResourcesBuildPhase section */
		282C38601EC42C230002606A /* Resources */ = {
			isa = PBXResourcesBuildPhase;
			buildActionMask = 2147483647;
			files = (
				287AAC7F1EC4317700451D56 /* Glass.jpg in Resources */,
				282C38701EC42C230002606A /* LaunchScreen.storyboard in Resources */,
				287AAC7E1EC4317700451D56 /* Drop.jpg in Resources */,
				282C386D1EC42C230002606A /* Assets.xcassets in Resources */,
				287AAC831EC4494C00451D56 /* Settings.bundle in Resources */,
				282C386B1EC42C230002606A /* Main.storyboard in Resources */,
			);
			runOnlyForDeploymentPostprocessing = 0;
		};
/* End PBXResourcesBuildPhase section */

/* Begin PBXSourcesBuildPhase section */
		282C385E1EC42C230002606A /* Sources */ = {
			isa = PBXSourcesBuildPhase;
			buildActionMask = 2147483647;
			files = (
				282C38681EC42C230002606A /* ViewController.swift in Sources */,
				282C38661EC42C230002606A /* AppDelegate.swift in Sources */,
				287AAC811EC4330900451D56 /* HomeViewController.swift in Sources */,
			);
			runOnlyForDeploymentPostprocessing = 0;
		};
/* End PBXSourcesBuildPhase section */

/* Begin PBXVariantGroup section */
		282C38691EC42C230002606A /* Main.storyboard */ = {
			isa = PBXVariantGroup;
			children = (
				282C386A1EC42C230002606A /* Base */,
			);
			name = Main.storyboard;
			sourceTree = "<group>";
		};
		282C386E1EC42C230002606A /* LaunchScreen.storyboard */ = {
			isa = PBXVariantGroup;
			children = (
				282C386F1EC42C230002606A /* Base */,
			);
			name = LaunchScreen.storyboard;
			sourceTree = "<group>";
		};
/* End PBXVariantGroup section */

/* Begin XCBuildConfiguration section */
		282C38721EC42C230002606A /* Debug */ = {
			isa = XCBuildConfiguration;
			buildSettings = {
				ALWAYS_SEARCH_USER_PATHS = NO;
				CLANG_ANALYZER_NONNULL = YES;
				CLANG_ANALYZER_NUMBER_OBJECT_CONVERSION = YES_AGGRESSIVE;
				CLANG_CXX_LANGUAGE_STANDARD = "gnu++0x";
				CLANG_CXX_LIBRARY = "libc++";
				CLANG_ENABLE_MODULES = YES;
				CLANG_ENABLE_OBJC_ARC = YES;
				CLANG_WARN_BOOL_CONVERSION = YES;
				CLANG_WARN_CONSTANT_CONVERSION = YES;
				CLANG_WARN_DIRECT_OBJC_ISA_USAGE = YES_ERROR;
				CLANG_WARN_DOCUMENTATION_COMMENTS = YES;
				CLANG_WARN_EMPTY_BODY = YES;
				CLANG_WARN_ENUM_CONVERSION = YES;
				CLANG_WARN_INFINITE_RECURSION = YES;
				CLANG_WARN_INT_CONVERSION = YES;
				CLANG_WARN_OBJC_ROOT_CLASS = YES_ERROR;
				CLANG_WARN_SUSPICIOUS_MOVE = YES;
				CLANG_WARN_UNREACHABLE_CODE = YES;
				CLANG_WARN__DUPLICATE_METHOD_MATCH = YES;
				"CODE_SIGN_IDENTITY[sdk=iphoneos*]" = "iPhone Developer";
				COPY_PHASE_STRIP = NO;
				DEBUG_INFORMATION_FORMAT = dwarf;
				ENABLE_STRICT_OBJC_MSGSEND = YES;
				ENABLE_TESTABILITY = YES;
				GCC_C_LANGUAGE_STANDARD = gnu99;
				GCC_DYNAMIC_NO_PIC = NO;
				GCC_NO_COMMON_BLOCKS = YES;
				GCC_OPTIMIZATION_LEVEL = 0;
				GCC_PREPROCESSOR_DEFINITIONS = (
					"DEBUG=1",
					"$(inherited)",
				);
				GCC_WARN_64_TO_32_BIT_CONVERSION = YES;
				GCC_WARN_ABOUT_RETURN_TYPE = YES_ERROR;
				GCC_WARN_UNDECLARED_SELECTOR = YES;
				GCC_WARN_UNINITIALIZED_AUTOS = YES_AGGRESSIVE;
				GCC_WARN_UNUSED_FUNCTION = YES;
				GCC_WARN_UNUSED_VARIABLE = YES;
				IPHONEOS_DEPLOYMENT_TARGET = 10.3;
				MTL_ENABLE_DEBUG_INFO = YES;
				ONLY_ACTIVE_ARCH = YES;
				SDKROOT = iphoneos;
				SWIFT_ACTIVE_COMPILATION_CONDITIONS = DEBUG;
				SWIFT_OPTIMIZATION_LEVEL = "-Onone";
			};
			name = Debug;
		};
		282C38731EC42C230002606A /* Release */ = {
			isa = XCBuildConfiguration;
			buildSettings = {
				ALWAYS_SEARCH_USER_PATHS = NO;
				CLANG_ANALYZER_NONNULL = YES;
				CLANG_ANALYZER_NUMBER_OBJECT_CONVERSION = YES_AGGRESSIVE;
				CLANG_CXX_LANGUAGE_STANDARD = "gnu++0x";
				CLANG_CXX_LIBRARY = "libc++";
				CLANG_ENABLE_MODULES = YES;
				CLANG_ENABLE_OBJC_ARC = YES;
				CLANG_WARN_BOOL_CONVERSION = YES;
				CLANG_WARN_CONSTANT_CONVERSION = YES;
				CLANG_WARN_DIRECT_OBJC_ISA_USAGE = YES_ERROR;
				CLANG_WARN_DOCUMENTATION_COMMENTS = YES;
				CLANG_WARN_EMPTY_BODY = YES;
				CLANG_WARN_ENUM_CONVERSION = YES;
				CLANG_WARN_INFINITE_RECURSION = YES;
				CLANG_WARN_INT_CONVERSION = YES;
				CLANG_WARN_OBJC_ROOT_CLASS = YES_ERROR;
				CLANG_WARN_SUSPICIOUS_MOVE = YES;
				CLANG_WARN_UNREACHABLE_CODE = YES;
				CLANG_WARN__DUPLICATE_METHOD_MATCH = YES;
				"CODE_SIGN_IDENTITY[sdk=iphoneos*]" = "iPhone Developer";
				COPY_PHASE_STRIP = NO;
				DEBUG_INFORMATION_FORMAT = "dwarf-with-dsym";
				ENABLE_NS_ASSERTIONS = NO;
				ENABLE_STRICT_OBJC_MSGSEND = YES;
				GCC_C_LANGUAGE_STANDARD = gnu99;
				GCC_NO_COMMON_BLOCKS = YES;
				GCC_WARN_64_TO_32_BIT_CONVERSION = YES;
				GCC_WARN_ABOUT_RETURN_TYPE = YES_ERROR;
				GCC_WARN_UNDECLARED_SELECTOR = YES;
				GCC_WARN_UNINITIALIZED_AUTOS = YES_AGGRESSIVE;
				GCC_WARN_UNUSED_FUNCTION = YES;
				GCC_WARN_UNUSED_VARIABLE = YES;
				IPHONEOS_DEPLOYMENT_TARGET = 10.3;
				MTL_ENABLE_DEBUG_INFO = NO;
				SDKROOT = iphoneos;
				SWIFT_OPTIMIZATION_LEVEL = "-Owholemodule";
				VALIDATE_PRODUCT = YES;
			};
			name = Release;
		};
		282C38751EC42C230002606A /* Debug */ = {
			isa = XCBuildConfiguration;
			buildSettings = {
				ASSETCATALOG_COMPILER_APPICON_NAME = AppIcon;
				DEVELOPMENT_TEAM = LU7887AQ9T;
				INFOPLIST_FILE = Water/Info.plist;
				LD_RUNPATH_SEARCH_PATHS = "$(inherited) @executable_path/Frameworks";
				PRODUCT_BUNDLE_IDENTIFIER = me.neilkulkarni.Water;
				PRODUCT_NAME = "$(TARGET_NAME)";
				SWIFT_VERSION = 3.0;
			};
			name = Debug;
		};
		282C38761EC42C230002606A /* Release */ = {
			isa = XCBuildConfiguration;
			buildSettings = {
				ASSETCATALOG_COMPILER_APPICON_NAME = AppIcon;
				DEVELOPMENT_TEAM = LU7887AQ9T;
				INFOPLIST_FILE = Water/Info.plist;
				LD_RUNPATH_SEARCH_PATHS = "$(inherited) @executable_path/Frameworks";
				PRODUCT_BUNDLE_IDENTIFIER = me.neilkulkarni.Water;
				PRODUCT_NAME = "$(TARGET_NAME)";
				SWIFT_VERSION = 3.0;
			};
			name = Release;
		};
/* End XCBuildConfiguration section */

/* Begin XCConfigurationList section */
		282C385D1EC42C230002606A /* Build configuration list for PBXProject "Water" */ = {
			isa = XCConfigurationList;
			buildConfigurations = (
				282C38721EC42C230002606A /* Debug */,
				282C38731EC42C230002606A /* Release */,
			);
			defaultConfigurationIsVisible = 0;
			defaultConfigurationName = Release;
		};
		282C38741EC42C230002606A /* Build configuration list for PBXNativeTarget "Water" */ = {
			isa = XCConfigurationList;
			buildConfigurations = (
				282C38751EC42C230002606A /* Debug */,
				282C38761EC42C230002606A /* Release */,
			);
			defaultConfigurationIsVisible = 0;
			defaultConfigurationName = Release;
		};
/* End XCConfigurationList section */
	};
	rootObject = 282C385A1EC42C230002606A /* Project object */;
}
